schema: '2.0'
stages:
  load_data:
    cmd: python src/load_data.py --config=params.yaml
    deps:
    - path: data_given/winequality_red.csv
      md5: 64d12b891fb15cfabf65a98bb9dad2a7
      size: 85743
    - path: src/get_data.py
      md5: 051aa618068cce7d6ab0297551c41fdf
      size: 767
    - path: src/load_data.py
      md5: 5c49ce43941dc88572cc0f60311b5795
      size: 775
    outs:
    - path: data/raw/winequality_red.csv
      md5: 86228a91cb3ca14021cce0aebdc65bf2
      size: 93569
  split_data:
    cmd: python src/split_data.py --config=params.yaml
    deps:
    - path: data/raw/winequality_red.csv
      md5: 86228a91cb3ca14021cce0aebdc65bf2
      size: 93569
    - path: src/split_data.py
      md5: 6be95f6c910528fc2e7902002b3d7bdb
      size: 1096
    outs:
    - path: data/processed/test_winequality_red.csv
      md5: b31a4073fa82bc444fd5683cb5cf7e76
      size: 18832
    - path: data/processed/train_winequality_red.csv
      md5: 34dd371cf49c8e8170ccc7f91a0290a2
      size: 74884
  train_and_evaluate:
    cmd: python src/train_and_evaluate.py --config=params.yaml
    deps:
    - path: data/processed/test_winequality_red.csv
      md5: b31a4073fa82bc444fd5683cb5cf7e76
      size: 18832
    - path: data/processed/train_winequality_red.csv
      md5: 34dd371cf49c8e8170ccc7f91a0290a2
      size: 74884
    - path: src/train_and_evaluate.py
      md5: bf0b16e8218997c434d5c8807aa53e91
      size: 3038
    params:
      params.yaml:
        estimators.ElasticNet.params.alpha: 0.98
        estimators.ElasticNet.params.l1_ratio: 0.29
  log_production_model:
    cmd: python src/log_production_model.py  --config=params.yaml
    deps:
    - path: src/log_production_model.py
      md5: 80b02f4f8a6623e6a21c1ea31bf24de0
      size: 1895
