schema: '2.0'
stages:
  load_data:
    cmd: python src/load_data.py --config=params.yaml
    deps:
    - path: data_given/winequality_red.csv
      md5: 64d12b891fb15cfabf65a98bb9dad2a7
      size: 85743
    - path: src/get_data.py
      md5: 31a7dfebb69e0f091be9939c74b3a87a
      size: 711
    - path: src/load_data.py
      md5: 5c49ce43941dc88572cc0f60311b5795
      size: 775
    outs:
    - path: data/raw/winequality_red.csv
      md5: 86228a91cb3ca14021cce0aebdc65bf2
      size: 93569
  split_data:
    cmd: python src/split_data.py --config=params.yaml
    deps:
    - path: data/raw/winequality_red.csv
      md5: 86228a91cb3ca14021cce0aebdc65bf2
      size: 93569
    - path: src/split_data.py
      md5: 6be95f6c910528fc2e7902002b3d7bdb
      size: 1096
    outs:
    - path: data/processed/test_winequality_red.csv
      md5: b31a4073fa82bc444fd5683cb5cf7e76
      size: 18832
    - path: data/processed/train_winequality_red.csv
      md5: 34dd371cf49c8e8170ccc7f91a0290a2
      size: 74884
  train_and_evaluate:
    cmd: python src/train_and_evaluate.py --config=params.yaml
    deps:
    - path: data/processed/test_winequality_red.csv
      md5: b31a4073fa82bc444fd5683cb5cf7e76
      size: 18832
    - path: data/processed/train_winequality_red.csv
      md5: 34dd371cf49c8e8170ccc7f91a0290a2
      size: 74884
    - path: src/train_and_evaluate.py
      md5: 163d6bf66c96fa5dc885d39c94e2b98a
      size: 2739
    params:
      params.yaml:
        estimators.ElasticNet.params.alpha: 0.69
        estimators.ElasticNet.params.l1_ratio: 0.66
    outs:
    - path: report/metrics.json
      md5: d750c1fba9ff5f6c93dfaaab305b1296
      size: 101
    - path: report/params.json
      md5: 81c7b75bc628777f743e7c12b13f1e09
      size: 46
    - path: saved_models/model.joblib
      md5: e96a4a87b5331433b1da6b800107a548
      size: 1336
